
Microsoft Visual Studio Solution File, Format Version 12.00
# Visual Studio Version 16
VisualStudioVersion = 16.0.32002.261
MinimumVisualStudioVersion = 10.0.40219.1
Project("{FAE04EC0-301F-11D3-BF4B-00C04F79EFBC}") = "TestAppScrum", "TestAppScrum\TestAppScrum.csproj", "{2FF00C88-5ACC-42AB-ACEE-1C7F58FA32BE}"
EndProject
Project("{FAE04EC0-301F-11D3-BF4B-00C04F79EFBC}") = "Models", "Models\Models.csproj", "{440A2F0A-900C-4C70-8560-156C7DE832FA}"
EndProject
Project("{FAE04EC0-301F-11D3-BF4B-00C04F79EFBC}") = "Services", "Services\Services.csproj", "{0ED5B9A8-F2F5-40DB-B6D3-6867736E40B3}"
EndProject
Global
	GlobalSection(SolutionConfigurationPlatforms) = preSolution
		Debug|Any CPU = Debug|Any CPU
		Release|Any CPU = Release|Any CPU
	EndGlobalSection
	GlobalSection(ProjectConfigurationPlatforms) = postSolution
		{2FF00C88-5ACC-42AB-ACEE-1C7F58FA32BE}.Debug|Any CPU.ActiveCfg = Debug|Any CPU
		{2FF00C88-5ACC-42AB-ACEE-1C7F58FA32BE}.Debug|Any CPU.Build.0 = Debug|Any CPU
		{2FF00C88-5ACC-42AB-ACEE-1C7F58FA32BE}.Release|Any CPU.ActiveCfg = Release|Any CPU
		{2FF00C88-5ACC-42AB-ACEE-1C7F58FA32BE}.Release|Any CPU.Build.0 = Release|Any CPU
		{440A2F0A-900C-4C70-8560-156C7DE832FA}.Debug|Any CPU.ActiveCfg = Debug|Any CPU
		{440A2F0A-900C-4C70-8560-156C7DE832FA}.Debug|Any CPU.Build.0 = Debug|Any CPU
		{440A2F0A-900C-4C70-8560-156C7DE832FA}.Release|Any CPU.ActiveCfg = Release|Any CPU
		{440A2F0A-900C-4C70-8560-156C7DE832FA}.Release|Any CPU.Build.0 = Release|Any CPU
		{0ED5B9A8-F2F5-40DB-B6D3-6867736E40B3}.Debug|Any CPU.ActiveCfg = Debug|Any CPU
		{0ED5B9A8-F2F5-40DB-B6D3-6867736E40B3}.Debug|Any CPU.Build.0 = Debug|Any CPU
		{0ED5B9A8-F2F5-40DB-B6D3-6867736E40B3}.Release|Any CPU.ActiveCfg = Release|Any CPU
		{0ED5B9A8-F2F5-40DB-B6D3-6867736E40B3}.Release|Any CPU.Build.0 = Release|Any CPU
	EndGlobalSection
	GlobalSection(SolutionProperties) = preSolution
		HideSolutionNode = FALSE
	EndGlobalSection
	GlobalSection(ExtensibilityGlobals) = postSolution
		SolutionGuid = {CD041A0D-057A-4D2B-9767-7F0BB6267AA0}
	EndGlobalSection
EndGlobal
